
Microsoft Visual Studio Solution File, Format Version 12.00
Project("{FAE04EC0-301F-11D3-BF4B-00C04F79EFBC}") = "Lecture9PL", "Lecture9PL\Lecture9PL.csproj", "{56A9DEC6-34BE-4BFC-B2BD-6476740B1F1A}"
EndProject
Global
	GlobalSection(SolutionConfigurationPlatforms) = preSolution
		Debug|Any CPU = Debug|Any CPU
		Release|Any CPU = Release|Any CPU
	EndGlobalSection
	GlobalSection(ProjectConfigurationPlatforms) = postSolution
		{56A9DEC6-34BE-4BFC-B2BD-6476740B1F1A}.Debug|Any CPU.ActiveCfg = Debug|Any CPU
		{56A9DEC6-34BE-4BFC-B2BD-6476740B1F1A}.Debug|Any CPU.Build.0 = Debug|Any CPU
		{56A9DEC6-34BE-4BFC-B2BD-6476740B1F1A}.Release|Any CPU.ActiveCfg = Release|Any CPU
		{56A9DEC6-34BE-4BFC-B2BD-6476740B1F1A}.Release|Any CPU.Build.0 = Release|Any CPU
	EndGlobalSection
EndGlobal
